
Microsoft Visual Studio Solution File, Format Version 12.00
# Visual Studio 15
VisualStudioVersion = 15.0.28307.539
MinimumVisualStudioVersion = 10.0.40219.1
Project("{F184B08F-C81C-45F6-A57F-5ABD9991F28F}") = "DatabaseProject", "DatabaseProject\DatabaseProject.vbproj", "{87C242CB-01FC-4EB8-8F3C-7556E70A096D}"
EndProject
Project("{FAE04EC0-301F-11D3-BF4B-00C04F79EFBC}") = "Database Project", "..\..\..\..\OneDrive\Documents\Database Systems\Project\Database Project\Database Project\Database Project.csproj", "{51B7BBF8-29B5-4570-AF74-389440E19A3B}"
EndProject
Global
	GlobalSection(SolutionConfigurationPlatforms) = preSolution
		Debug|Any CPU = Debug|Any CPU
		Release|Any CPU = Release|Any CPU
	EndGlobalSection
	GlobalSection(ProjectConfigurationPlatforms) = postSolution
		{87C242CB-01FC-4EB8-8F3C-7556E70A096D}.Debug|Any CPU.ActiveCfg = Debug|Any CPU
		{87C242CB-01FC-4EB8-8F3C-7556E70A096D}.Debug|Any CPU.Build.0 = Debug|Any CPU
		{87C242CB-01FC-4EB8-8F3C-7556E70A096D}.Release|Any CPU.ActiveCfg = Release|Any CPU
		{87C242CB-01FC-4EB8-8F3C-7556E70A096D}.Release|Any CPU.Build.0 = Release|Any CPU
		{51B7BBF8-29B5-4570-AF74-389440E19A3B}.Debug|Any CPU.ActiveCfg = Debug|Any CPU
		{51B7BBF8-29B5-4570-AF74-389440E19A3B}.Debug|Any CPU.Build.0 = Debug|Any CPU
		{51B7BBF8-29B5-4570-AF74-389440E19A3B}.Release|Any CPU.ActiveCfg = Release|Any CPU
		{51B7BBF8-29B5-4570-AF74-389440E19A3B}.Release|Any CPU.Build.0 = Release|Any CPU
	EndGlobalSection
	GlobalSection(SolutionProperties) = preSolution
		HideSolutionNode = FALSE
	EndGlobalSection
	GlobalSection(ExtensibilityGlobals) = postSolution
		SolutionGuid = {393A456D-4D6E-42DA-9C40-011EB57AAFE3}
	EndGlobalSection
EndGlobal
