
Microsoft Visual Studio Solution File, Format Version 12.00
# Visual Studio 15
VisualStudioVersion = 15.0.28010.2026
MinimumVisualStudioVersion = 10.0.40219.1
Project("{FAE04EC0-301F-11D3-BF4B-00C04F79EFBC}") = "DatabaseProject", "DatabaseProject\DatabaseProject.csproj", "{E5861EA0-A726-4749-BAB8-FB851BF8887D}"
EndProject
Global
	GlobalSection(SolutionConfigurationPlatforms) = preSolution
		Debug|Any CPU = Debug|Any CPU
		Release|Any CPU = Release|Any CPU
	EndGlobalSection
	GlobalSection(ProjectConfigurationPlatforms) = postSolution
		{E5861EA0-A726-4749-BAB8-FB851BF8887D}.Debug|Any CPU.ActiveCfg = Debug|Any CPU
		{E5861EA0-A726-4749-BAB8-FB851BF8887D}.Debug|Any CPU.Build.0 = Debug|Any CPU
		{E5861EA0-A726-4749-BAB8-FB851BF8887D}.Release|Any CPU.ActiveCfg = Release|Any CPU
		{E5861EA0-A726-4749-BAB8-FB851BF8887D}.Release|Any CPU.Build.0 = Release|Any CPU
	EndGlobalSection
	GlobalSection(SolutionProperties) = preSolution
		HideSolutionNode = FALSE
	EndGlobalSection
	GlobalSection(ExtensibilityGlobals) = postSolution
		SolutionGuid = {054A83F0-77BD-4350-88F3-B3174E8864AD}
	EndGlobalSection
EndGlobal
